
Microsoft Visual Studio Solution File, Format Version 12.00
# Visual Studio Version 17
VisualStudioVersion = 17.3.32901.215
MinimumVisualStudioVersion = 10.0.40219.1
Project("{FAE04EC0-301F-11D3-BF4B-00C04F79EFBC}") = "SaleWebMVC", "SaleWebMVC.csproj", "{08BD4DA2-8619-4C26-9DDE-8F93E7D94576}"
EndProject
Global
	GlobalSection(SolutionConfigurationPlatforms) = preSolution
		Debug|Any CPU = Debug|Any CPU
		Release|Any CPU = Release|Any CPU
	EndGlobalSection
	GlobalSection(ProjectConfigurationPlatforms) = postSolution
		{08BD4DA2-8619-4C26-9DDE-8F93E7D94576}.Debug|Any CPU.ActiveCfg = Debug|Any CPU
		{08BD4DA2-8619-4C26-9DDE-8F93E7D94576}.Debug|Any CPU.Build.0 = Debug|Any CPU
		{08BD4DA2-8619-4C26-9DDE-8F93E7D94576}.Release|Any CPU.ActiveCfg = Release|Any CPU
		{08BD4DA2-8619-4C26-9DDE-8F93E7D94576}.Release|Any CPU.Build.0 = Release|Any CPU
	EndGlobalSection
	GlobalSection(SolutionProperties) = preSolution
		HideSolutionNode = FALSE
	EndGlobalSection
	GlobalSection(ExtensibilityGlobals) = postSolution
		SolutionGuid = {75BF88CC-B363-497F-B711-A255059D6049}
	EndGlobalSection
EndGlobal
